// !$*UTF8*$!
{
	archiveVersion = 1;
	classes = {
	};
	objectVersion = 46;
	objects = {

/* Begin PBXBuildFile section */
		102D35781F0F25F40004E300 /* SettingHeaderView.m in Sources */ = {isa = PBXBuildFile; fileRef = 102D356C1F0F25F40004E300 /* SettingHeaderView.m */; };
		102D357B1F0F25F40004E300 /* SettingTableViewCell.m in Sources */ = {isa = PBXBuildFile; fileRef = 102D35711F0F25F40004E300 /* SettingTableViewCell.m */; };
		102D357D1F0F25F40004E300 /* PeripheralCellModel.m in Sources */ = {isa = PBXBuildFile; fileRef = 102D35751F0F25F40004E300 /* PeripheralCellModel.m */; };
		102D357E1F0F25F40004E300 /* SettingCellModel.m in Sources */ = {isa = PBXBuildFile; fileRef = 102D35771F0F25F40004E300 /* SettingCellModel.m */; };
		102D35831F0F835A0004E300 /* BindPeripheralViewController.m in Sources */ = {isa = PBXBuildFile; fileRef = 102D35821F0F835A0004E300 /* BindPeripheralViewController.m */; };
		102D35961F0F837F0004E300 /* UserInfoSettingModel.m in Sources */ = {isa = PBXBuildFile; fileRef = 102D35911F0F837F0004E300 /* UserInfoSettingModel.m */; };
		102D35971F0F837F0004E300 /* UserInfoTableViewCell.m in Sources */ = {isa = PBXBuildFile; fileRef = 102D35931F0F837F0004E300 /* UserInfoTableViewCell.m */; };
		102D35981F0F837F0004E300 /* UserInfoViewController.m in Sources */ = {isa = PBXBuildFile; fileRef = 102D35951F0F837F0004E300 /* UserInfoViewController.m */; };
		102D35A31F0F85E60004E300 /* VersionModel.m in Sources */ = {isa = PBXBuildFile; fileRef = 102D359E1F0F85E60004E300 /* VersionModel.m */; };
		102D35A41F0F85E60004E300 /* VersionUpdateTableViewCell.m in Sources */ = {isa = PBXBuildFile; fileRef = 102D35A01F0F85E60004E300 /* VersionUpdateTableViewCell.m */; };
		102D35A51F0F85E60004E300 /* VersionUpdateViewController.m in Sources */ = {isa = PBXBuildFile; fileRef = 102D35A21F0F85E60004E300 /* VersionUpdateViewController.m */; };
		102D35A91F0F8B7B0004E300 /* FMDBManager.m in Sources */ = {isa = PBXBuildFile; fileRef = 102D35A81F0F8B7B0004E300 /* FMDBManager.m */; };
		102D35AD1F0F8C8D0004E300 /* AlertTool.m in Sources */ = {isa = PBXBuildFile; fileRef = 102D35AC1F0F8C8D0004E300 /* AlertTool.m */; };
		102D35B01F0F8D110004E300 /* UserInfoModel.m in Sources */ = {isa = PBXBuildFile; fileRef = 102D35AF1F0F8D110004E300 /* UserInfoModel.m */; };
		1032549F1EFB642900716D8E /* main.m in Sources */ = {isa = PBXBuildFile; fileRef = 1032549E1EFB642900716D8E /* main.m */; };
		103254A21EFB642900716D8E /* AppDelegate.m in Sources */ = {isa = PBXBuildFile; fileRef = 103254A11EFB642900716D8E /* AppDelegate.m */; };
		103254A81EFB642900716D8E /* Main.storyboard in Resources */ = {isa = PBXBuildFile; fileRef = 103254A61EFB642900716D8E /* Main.storyboard */; };
		103254AA1EFB642900716D8E /* Assets.xcassets in Resources */ = {isa = PBXBuildFile; fileRef = 103254A91EFB642900716D8E /* Assets.xcassets */; };
		103254AD1EFB642900716D8E /* LaunchScreen.storyboard in Resources */ = {isa = PBXBuildFile; fileRef = 103254AB1EFB642900716D8E /* LaunchScreen.storyboard */; };
		103254B71EFB6A9900716D8E /* BPViewController.m in Sources */ = {isa = PBXBuildFile; fileRef = 103254B61EFB6A9900716D8E /* BPViewController.m */; };
		103254BD1EFB6AC200716D8E /* BloodPressureContentView.m in Sources */ = {isa = PBXBuildFile; fileRef = 103254BC1EFB6AC200716D8E /* BloodPressureContentView.m */; };
		103254E91EFB6B2700716D8E /* BleDevice.m in Sources */ = {isa = PBXBuildFile; fileRef = 103254C01EFB6B2700716D8E /* BleDevice.m */; };
		103254EA1EFB6B2700716D8E /* BleManager.m in Sources */ = {isa = PBXBuildFile; fileRef = 103254C21EFB6B2700716D8E /* BleManager.m */; };
		103254EB1EFB6B2700716D8E /* BloodModel.m in Sources */ = {isa = PBXBuildFile; fileRef = 103254C51EFB6B2700716D8E /* BloodModel.m */; };
		103254EF1EFB6B2700716D8E /* manridyModel.m in Sources */ = {isa = PBXBuildFile; fileRef = 103254CD1EFB6B2700716D8E /* manridyModel.m */; };
		103254F41EFB6B2700716D8E /* SetTimeModel.m in Sources */ = {isa = PBXBuildFile; fileRef = 103254D71EFB6B2700716D8E /* SetTimeModel.m */; };
		103254FC1EFB6B2700716D8E /* NSStringTool.m in Sources */ = {isa = PBXBuildFile; fileRef = 103254E81EFB6B2700716D8E /* NSStringTool.m */; };
		1052384A1F1DE3A800380546 /* HooDatePicker.m in Sources */ = {isa = PBXBuildFile; fileRef = 105238471F1DE3A800380546 /* HooDatePicker.m */; };
		1052384B1F1DE3A800380546 /* NSDate+HooDatePicker.m in Sources */ = {isa = PBXBuildFile; fileRef = 105238491F1DE3A800380546 /* NSDate+HooDatePicker.m */; };
		10DD3CCF1EFCFD4F0085AFEB /* BPHisViewController.m in Sources */ = {isa = PBXBuildFile; fileRef = 10DD3CCE1EFCFD4F0085AFEB /* BPHisViewController.m */; };
		10DD3CD21EFCFD700085AFEB /* BPHisContentView.m in Sources */ = {isa = PBXBuildFile; fileRef = 10DD3CD11EFCFD700085AFEB /* BPHisContentView.m */; };
		10DD3CD61EFD00670085AFEB /* SetViewController.m in Sources */ = {isa = PBXBuildFile; fileRef = 10DD3CD51EFD00670085AFEB /* SetViewController.m */; };
		EAC7E43AFDE6ABBD5ACFC7BB /* libPods-SmartBPG.a in Frameworks */ = {isa = PBXBuildFile; fileRef = 5EB2C6C7A68A433A0532ABA3 /* libPods-SmartBPG.a */; };
/* End PBXBuildFile section */

/* Begin PBXFileReference section */
		102D356B1F0F25F40004E300 /* SettingHeaderView.h */ = {isa = PBXFileReference; fileEncoding = 4; lastKnownFileType = sourcecode.c.h; path = SettingHeaderView.h; sourceTree = "<group>"; };
		102D356C1F0F25F40004E300 /* SettingHeaderView.m */ = {isa = PBXFileReference; fileEncoding = 4; lastKnownFileType = sourcecode.c.objc; path = SettingHeaderView.m; sourceTree = "<group>"; };
		102D35701F0F25F40004E300 /* SettingTableViewCell.h */ = {isa = PBXFileReference; fileEncoding = 4; lastKnownFileType = sourcecode.c.h; path = SettingTableViewCell.h; sourceTree = "<group>"; };
		102D35711F0F25F40004E300 /* SettingTableViewCell.m */ = {isa = PBXFileReference; fileEncoding = 4; lastKnownFileType = sourcecode.c.objc; path = SettingTableViewCell.m; sourceTree = "<group>"; };
		102D35741F0F25F40004E300 /* PeripheralCellModel.h */ = {isa = PBXFileReference; fileEncoding = 4; lastKnownFileType = sourcecode.c.h; path = PeripheralCellModel.h; sourceTree = "<group>"; };
		102D35751F0F25F40004E300 /* PeripheralCellModel.m */ = {isa = PBXFileReference; fileEncoding = 4; lastKnownFileType = sourcecode.c.objc; path = PeripheralCellModel.m; sourceTree = "<group>"; };
		102D35761F0F25F40004E300 /* SettingCellModel.h */ = {isa = PBXFileReference; fileEncoding = 4; lastKnownFileType = sourcecode.c.h; path = SettingCellModel.h; sourceTree = "<group>"; };
		102D35771F0F25F40004E300 /* SettingCellModel.m */ = {isa = PBXFileReference; fileEncoding = 4; lastKnownFileType = sourcecode.c.objc; path = SettingCellModel.m; sourceTree = "<group>"; };
		102D35811F0F835A0004E300 /* BindPeripheralViewController.h */ = {isa = PBXFileReference; fileEncoding = 4; lastKnownFileType = sourcecode.c.h; path = BindPeripheralViewController.h; sourceTree = "<group>"; };
		102D35821F0F835A0004E300 /* BindPeripheralViewController.m */ = {isa = PBXFileReference; fileEncoding = 4; lastKnownFileType = sourcecode.c.objc; path = BindPeripheralViewController.m; sourceTree = "<group>"; };
		102D35901F0F837F0004E300 /* UserInfoSettingModel.h */ = {isa = PBXFileReference; fileEncoding = 4; lastKnownFileType = sourcecode.c.h; path = UserInfoSettingModel.h; sourceTree = "<group>"; };
		102D35911F0F837F0004E300 /* UserInfoSettingModel.m */ = {isa = PBXFileReference; fileEncoding = 4; lastKnownFileType = sourcecode.c.objc; path = UserInfoSettingModel.m; sourceTree = "<group>"; };
		102D35921F0F837F0004E300 /* UserInfoTableViewCell.h */ = {isa = PBXFileReference; fileEncoding = 4; lastKnownFileType = sourcecode.c.h; path = UserInfoTableViewCell.h; sourceTree = "<group>"; };
		102D35931F0F837F0004E300 /* UserInfoTableViewCell.m */ = {isa = PBXFileReference; fileEncoding = 4; lastKnownFileType = sourcecode.c.objc; path = UserInfoTableViewCell.m; sourceTree = "<group>"; };
		102D35941F0F837F0004E300 /* UserInfoViewController.h */ = {isa = PBXFileReference; fileEncoding = 4; lastKnownFileType = sourcecode.c.h; path = UserInfoViewController.h; sourceTree = "<group>"; };
		102D35951F0F837F0004E300 /* UserInfoViewController.m */ = {isa = PBXFileReference; fileEncoding = 4; lastKnownFileType = sourcecode.c.objc; path = UserInfoViewController.m; sourceTree = "<group>"; };
		102D359D1F0F85E60004E300 /* VersionModel.h */ = {isa = PBXFileReference; fileEncoding = 4; lastKnownFileType = sourcecode.c.h; path = VersionModel.h; sourceTree = "<group>"; };
		102D359E1F0F85E60004E300 /* VersionModel.m */ = {isa = PBXFileReference; fileEncoding = 4; lastKnownFileType = sourcecode.c.objc; path = VersionModel.m; sourceTree = "<group>"; };
		102D359F1F0F85E60004E300 /* VersionUpdateTableViewCell.h */ = {isa = PBXFileReference; fileEncoding = 4; lastKnownFileType = sourcecode.c.h; path = VersionUpdateTableViewCell.h; sourceTree = "<group>"; };
		102D35A01F0F85E60004E300 /* VersionUpdateTableViewCell.m */ = {isa = PBXFileReference; fileEncoding = 4; lastKnownFileType = sourcecode.c.objc; path = VersionUpdateTableViewCell.m; sourceTree = "<group>"; };
		102D35A11F0F85E60004E300 /* VersionUpdateViewController.h */ = {isa = PBXFileReference; fileEncoding = 4; lastKnownFileType = sourcecode.c.h; path = VersionUpdateViewController.h; sourceTree = "<group>"; };
		102D35A21F0F85E60004E300 /* VersionUpdateViewController.m */ = {isa = PBXFileReference; fileEncoding = 4; lastKnownFileType = sourcecode.c.objc; path = VersionUpdateViewController.m; sourceTree = "<group>"; };
		102D35A71F0F8B7B0004E300 /* FMDBManager.h */ = {isa = PBXFileReference; fileEncoding = 4; lastKnownFileType = sourcecode.c.h; path = FMDBManager.h; sourceTree = "<group>"; };
		102D35A81F0F8B7B0004E300 /* FMDBManager.m */ = {isa = PBXFileReference; fileEncoding = 4; lastKnownFileType = sourcecode.c.objc; path = FMDBManager.m; sourceTree = "<group>"; };
		102D35AB1F0F8C8D0004E300 /* AlertTool.h */ = {isa = PBXFileReference; fileEncoding = 4; lastKnownFileType = sourcecode.c.h; path = AlertTool.h; sourceTree = "<group>"; };
		102D35AC1F0F8C8D0004E300 /* AlertTool.m */ = {isa = PBXFileReference; fileEncoding = 4; lastKnownFileType = sourcecode.c.objc; path = AlertTool.m; sourceTree = "<group>"; };
		102D35AE1F0F8D110004E300 /* UserInfoModel.h */ = {isa = PBXFileReference; fileEncoding = 4; lastKnownFileType = sourcecode.c.h; path = UserInfoModel.h; sourceTree = "<group>"; };
		102D35AF1F0F8D110004E300 /* UserInfoModel.m */ = {isa = PBXFileReference; fileEncoding = 4; lastKnownFileType = sourcecode.c.objc; path = UserInfoModel.m; sourceTree = "<group>"; };
		1032549A1EFB642900716D8E /* SmartBPG.app */ = {isa = PBXFileReference; explicitFileType = wrapper.application; includeInIndex = 0; path = SmartBPG.app; sourceTree = BUILT_PRODUCTS_DIR; };
		1032549E1EFB642900716D8E /* main.m */ = {isa = PBXFileReference; lastKnownFileType = sourcecode.c.objc; path = main.m; sourceTree = "<group>"; };
		103254A01EFB642900716D8E /* AppDelegate.h */ = {isa = PBXFileReference; lastKnownFileType = sourcecode.c.h; path = AppDelegate.h; sourceTree = "<group>"; };
		103254A11EFB642900716D8E /* AppDelegate.m */ = {isa = PBXFileReference; lastKnownFileType = sourcecode.c.objc; path = AppDelegate.m; sourceTree = "<group>"; };
		103254A71EFB642900716D8E /* Base */ = {isa = PBXFileReference; lastKnownFileType = file.storyboard; name = Base; path = Base.lproj/Main.storyboard; sourceTree = "<group>"; };
		103254A91EFB642900716D8E /* Assets.xcassets */ = {isa = PBXFileReference; lastKnownFileType = folder.assetcatalog; path = Assets.xcassets; sourceTree = "<group>"; };
		103254AC1EFB642900716D8E /* Base */ = {isa = PBXFileReference; lastKnownFileType = file.storyboard; name = Base; path = Base.lproj/LaunchScreen.storyboard; sourceTree = "<group>"; };
		103254AE1EFB642900716D8E /* Info.plist */ = {isa = PBXFileReference; lastKnownFileType = text.plist.xml; path = Info.plist; sourceTree = "<group>"; };
		103254B51EFB6A9900716D8E /* BPViewController.h */ = {isa = PBXFileReference; fileEncoding = 4; lastKnownFileType = sourcecode.c.h; name = BPViewController.h; path = BPViewController/BPViewController.h; sourceTree = "<group>"; };
		103254B61EFB6A9900716D8E /* BPViewController.m */ = {isa = PBXFileReference; fileEncoding = 4; lastKnownFileType = sourcecode.c.objc; name = BPViewController.m; path = BPViewController/BPViewController.m; sourceTree = "<group>"; };
		103254BB1EFB6AC200716D8E /* BloodPressureContentView.h */ = {isa = PBXFileReference; fileEncoding = 4; lastKnownFileType = sourcecode.c.h; name = BloodPressureContentView.h; path = BPViewController/BloodPressureContentView.h; sourceTree = "<group>"; };
		103254BC1EFB6AC200716D8E /* BloodPressureContentView.m */ = {isa = PBXFileReference; fileEncoding = 4; lastKnownFileType = sourcecode.c.objc; name = BloodPressureContentView.m; path = BPViewController/BloodPressureContentView.m; sourceTree = "<group>"; };
		103254BF1EFB6B2700716D8E /* BleDevice.h */ = {isa = PBXFileReference; fileEncoding = 4; lastKnownFileType = sourcecode.c.h; path = BleDevice.h; sourceTree = "<group>"; };
		103254C01EFB6B2700716D8E /* BleDevice.m */ = {isa = PBXFileReference; fileEncoding = 4; lastKnownFileType = sourcecode.c.objc; path = BleDevice.m; sourceTree = "<group>"; };
		103254C11EFB6B2700716D8E /* BleManager.h */ = {isa = PBXFileReference; fileEncoding = 4; lastKnownFileType = sourcecode.c.h; path = BleManager.h; sourceTree = "<group>"; };
		103254C21EFB6B2700716D8E /* BleManager.m */ = {isa = PBXFileReference; fileEncoding = 4; lastKnownFileType = sourcecode.c.objc; path = BleManager.m; sourceTree = "<group>"; };
		103254C41EFB6B2700716D8E /* BloodModel.h */ = {isa = PBXFileReference; fileEncoding = 4; lastKnownFileType = sourcecode.c.h; path = BloodModel.h; sourceTree = "<group>"; };
		103254C51EFB6B2700716D8E /* BloodModel.m */ = {isa = PBXFileReference; fileEncoding = 4; lastKnownFileType = sourcecode.c.objc; path = BloodModel.m; sourceTree = "<group>"; };
		103254CC1EFB6B2700716D8E /* manridyModel.h */ = {isa = PBXFileReference; fileEncoding = 4; lastKnownFileType = sourcecode.c.h; path = manridyModel.h; sourceTree = "<group>"; };
		103254CD1EFB6B2700716D8E /* manridyModel.m */ = {isa = PBXFileReference; fileEncoding = 4; lastKnownFileType = sourcecode.c.objc; path = manridyModel.m; sourceTree = "<group>"; };
		103254D61EFB6B2700716D8E /* SetTimeModel.h */ = {isa = PBXFileReference; fileEncoding = 4; lastKnownFileType = sourcecode.c.h; path = SetTimeModel.h; sourceTree = "<group>"; };
		103254D71EFB6B2700716D8E /* SetTimeModel.m */ = {isa = PBXFileReference; fileEncoding = 4; lastKnownFileType = sourcecode.c.objc; path = SetTimeModel.m; sourceTree = "<group>"; };
		103254E71EFB6B2700716D8E /* NSStringTool.h */ = {isa = PBXFileReference; fileEncoding = 4; lastKnownFileType = sourcecode.c.h; path = NSStringTool.h; sourceTree = "<group>"; };
		103254E81EFB6B2700716D8E /* NSStringTool.m */ = {isa = PBXFileReference; fileEncoding = 4; lastKnownFileType = sourcecode.c.objc; path = NSStringTool.m; sourceTree = "<group>"; };
		103254FE1EFB6B7800716D8E /* SmartBPG.pch */ = {isa = PBXFileReference; lastKnownFileType = sourcecode.c.h; path = SmartBPG.pch; sourceTree = "<group>"; };
		103255001EFB6BE100716D8E /* ColorConstants.h */ = {isa = PBXFileReference; fileEncoding = 4; lastKnownFileType = sourcecode.c.h; path = ColorConstants.h; sourceTree = "<group>"; };
		103255011EFB6BE100716D8E /* FrameConstants.h */ = {isa = PBXFileReference; fileEncoding = 4; lastKnownFileType = sourcecode.c.h; path = FrameConstants.h; sourceTree = "<group>"; };
		103255021EFB6BE100716D8E /* Log.h */ = {isa = PBXFileReference; fileEncoding = 4; lastKnownFileType = sourcecode.c.h; path = Log.h; sourceTree = "<group>"; };
		103255031EFB6BE100716D8E /* TextConstants.h */ = {isa = PBXFileReference; fileEncoding = 4; lastKnownFileType = sourcecode.c.h; path = TextConstants.h; sourceTree = "<group>"; };
		105238461F1DE3A800380546 /* HooDatePicker.h */ = {isa = PBXFileReference; fileEncoding = 4; lastKnownFileType = sourcecode.c.h; path = HooDatePicker.h; sourceTree = "<group>"; };
		105238471F1DE3A800380546 /* HooDatePicker.m */ = {isa = PBXFileReference; fileEncoding = 4; lastKnownFileType = sourcecode.c.objc; path = HooDatePicker.m; sourceTree = "<group>"; };
		105238481F1DE3A800380546 /* NSDate+HooDatePicker.h */ = {isa = PBXFileReference; fileEncoding = 4; lastKnownFileType = sourcecode.c.h; path = "NSDate+HooDatePicker.h"; sourceTree = "<group>"; };
		105238491F1DE3A800380546 /* NSDate+HooDatePicker.m */ = {isa = PBXFileReference; fileEncoding = 4; lastKnownFileType = sourcecode.c.objc; path = "NSDate+HooDatePicker.m"; sourceTree = "<group>"; };
		10DD3CCD1EFCFD4F0085AFEB /* BPHisViewController.h */ = {isa = PBXFileReference; fileEncoding = 4; lastKnownFileType = sourcecode.c.h; name = BPHisViewController.h; path = BPHisViewController/BPHisViewController.h; sourceTree = "<group>"; };
		10DD3CCE1EFCFD4F0085AFEB /* BPHisViewController.m */ = {isa = PBXFileReference; fileEncoding = 4; lastKnownFileType = sourcecode.c.objc; name = BPHisViewController.m; path = BPHisViewController/BPHisViewController.m; sourceTree = "<group>"; };
		10DD3CD01EFCFD700085AFEB /* BPHisContentView.h */ = {isa = PBXFileReference; fileEncoding = 4; lastKnownFileType = sourcecode.c.h; name = BPHisContentView.h; path = BPHisViewController/BPHisContentView.h; sourceTree = "<group>"; };
		10DD3CD11EFCFD700085AFEB /* BPHisContentView.m */ = {isa = PBXFileReference; fileEncoding = 4; lastKnownFileType = sourcecode.c.objc; name = BPHisContentView.m; path = BPHisViewController/BPHisContentView.m; sourceTree = "<group>"; };
		10DD3CD41EFD00670085AFEB /* SetViewController.h */ = {isa = PBXFileReference; fileEncoding = 4; lastKnownFileType = sourcecode.c.h; name = SetViewController.h; path = SetViewController/SetViewController.h; sourceTree = "<group>"; };
		10DD3CD51EFD00670085AFEB /* SetViewController.m */ = {isa = PBXFileReference; fileEncoding = 4; lastKnownFileType = sourcecode.c.objc; name = SetViewController.m; path = SetViewController/SetViewController.m; sourceTree = "<group>"; };
		5EB2C6C7A68A433A0532ABA3 /* libPods-SmartBPG.a */ = {isa = PBXFileReference; explicitFileType = archive.ar; includeInIndex = 0; path = "libPods-SmartBPG.a"; sourceTree = BUILT_PRODUCTS_DIR; };
		957B0062B87EB1897ECADE47 /* Pods-SmartBPG.debug.xcconfig */ = {isa = PBXFileReference; includeInIndex = 1; lastKnownFileType = text.xcconfig; name = "Pods-SmartBPG.debug.xcconfig"; path = "Pods/Target Support Files/Pods-SmartBPG/Pods-SmartBPG.debug.xcconfig"; sourceTree = "<group>"; };
		B6FD421D79A5600D1AF45B2B /* Pods-SmartBPG.release.xcconfig */ = {isa = PBXFileReference; includeInIndex = 1; lastKnownFileType = text.xcconfig; name = "Pods-SmartBPG.release.xcconfig"; path = "Pods/Target Support Files/Pods-SmartBPG/Pods-SmartBPG.release.xcconfig"; sourceTree = "<group>"; };
/* End PBXFileReference section */

/* Begin PBXFrameworksBuildPhase section */
		103254971EFB642900716D8E /* Frameworks */ = {
			isa = PBXFrameworksBuildPhase;
			buildActionMask = 2147483647;
			files = (
				EAC7E43AFDE6ABBD5ACFC7BB /* libPods-SmartBPG.a in Frameworks */,
			);
			runOnlyForDeploymentPostprocessing = 0;
		};
/* End PBXFrameworksBuildPhase section */

/* Begin PBXGroup section */
		102D356A1F0F25F40004E300 /* SettingContentView */ = {
			isa = PBXGroup;
			children = (
				102D356B1F0F25F40004E300 /* SettingHeaderView.h */,
				102D356C1F0F25F40004E300 /* SettingHeaderView.m */,
				102D35701F0F25F40004E300 /* SettingTableViewCell.h */,
				102D35711F0F25F40004E300 /* SettingTableViewCell.m */,
			);
			name = SettingContentView;
			path = SetViewController/SettingContentView;
			sourceTree = "<group>";
		};
		102D35731F0F25F40004E300 /* SettingModel */ = {
			isa = PBXGroup;
			children = (
				102D35741F0F25F40004E300 /* PeripheralCellModel.h */,
				102D35751F0F25F40004E300 /* PeripheralCellModel.m */,
				102D35761F0F25F40004E300 /* SettingCellModel.h */,
				102D35771F0F25F40004E300 /* SettingCellModel.m */,
			);
			name = SettingModel;
			path = SetViewController/SettingModel;
			sourceTree = "<group>";
		};
		102D35801F0F835A0004E300 /* PeripheralViewController */ = {
			isa = PBXGroup;
			children = (
				102D35811F0F835A0004E300 /* BindPeripheralViewController.h */,
				102D35821F0F835A0004E300 /* BindPeripheralViewController.m */,
			);
			path = PeripheralViewController;
			sourceTree = "<group>";
		};
		102D358F1F0F837F0004E300 /* UserInfoViewController */ = {
			isa = PBXGroup;
			children = (
				102D35901F0F837F0004E300 /* UserInfoSettingModel.h */,
				102D35911F0F837F0004E300 /* UserInfoSettingModel.m */,
				102D35921F0F837F0004E300 /* UserInfoTableViewCell.h */,
				102D35931F0F837F0004E300 /* UserInfoTableViewCell.m */,
				102D35941F0F837F0004E300 /* UserInfoViewController.h */,
				102D35951F0F837F0004E300 /* UserInfoViewController.m */,
			);
			path = UserInfoViewController;
			sourceTree = "<group>";
		};
		102D359C1F0F85E60004E300 /* VersionUpdateViewController */ = {
			isa = PBXGroup;
			children = (
				102D359D1F0F85E60004E300 /* VersionModel.h */,
				102D359E1F0F85E60004E300 /* VersionModel.m */,
				102D359F1F0F85E60004E300 /* VersionUpdateTableViewCell.h */,
				102D35A01F0F85E60004E300 /* VersionUpdateTableViewCell.m */,
				102D35A11F0F85E60004E300 /* VersionUpdateViewController.h */,
				102D35A21F0F85E60004E300 /* VersionUpdateViewController.m */,
			);
			path = VersionUpdateViewController;
			sourceTree = "<group>";
		};
		102D35A61F0F8B7B0004E300 /* FMDBManager */ = {
			isa = PBXGroup;
			children = (
				102D35A71F0F8B7B0004E300 /* FMDBManager.h */,
				102D35A81F0F8B7B0004E300 /* FMDBManager.m */,
			);
			path = FMDBManager;
			sourceTree = "<group>";
		};
		102D35AA1F0F8C8D0004E300 /* AlertTool */ = {
			isa = PBXGroup;
			children = (
				102D35AB1F0F8C8D0004E300 /* AlertTool.h */,
				102D35AC1F0F8C8D0004E300 /* AlertTool.m */,
			);
			path = AlertTool;
			sourceTree = "<group>";
		};
		103254911EFB642900716D8E = {
			isa = PBXGroup;
			children = (
				1032549C1EFB642900716D8E /* SmartBPG */,
				1032549B1EFB642900716D8E /* Products */,
				21732E08A90A19F3E608E662 /* Pods */,
				662EB00B7E6E9B6607997216 /* Frameworks */,
			);
			sourceTree = "<group>";
		};
		1032549B1EFB642900716D8E /* Products */ = {
			isa = PBXGroup;
			children = (
				1032549A1EFB642900716D8E /* SmartBPG.app */,
			);
			name = Products;
			sourceTree = "<group>";
		};
		1032549C1EFB642900716D8E /* SmartBPG */ = {
			isa = PBXGroup;
			children = (
				103254A01EFB642900716D8E /* AppDelegate.h */,
				103254A11EFB642900716D8E /* AppDelegate.m */,
				105238451F1DE3A800380546 /* HooDatePicker */,
				102D35AA1F0F8C8D0004E300 /* AlertTool */,
				102D35A61F0F8B7B0004E300 /* FMDBManager */,
				103254BE1EFB6B2700716D8E /* BleManager */,
				102D359C1F0F85E60004E300 /* VersionUpdateViewController */,
				102D358F1F0F837F0004E300 /* UserInfoViewController */,
				102D35801F0F835A0004E300 /* PeripheralViewController */,
				10DD3CD31EFD003A0085AFEB /* SetViewController */,
				10DD3CCC1EFCFD200085AFEB /* BPHisViewController */,
				103254B41EFB6A7B00716D8E /* BPViewController */,
				1032549D1EFB642900716D8E /* Supporting Files */,
				103254FF1EFB6BE100716D8E /* Constants */,
			);
			path = SmartBPG;
			sourceTree = "<group>";
		};
		1032549D1EFB642900716D8E /* Supporting Files */ = {
			isa = PBXGroup;
			children = (
				103254A61EFB642900716D8E /* Main.storyboard */,
				103254A91EFB642900716D8E /* Assets.xcassets */,
				103254AB1EFB642900716D8E /* LaunchScreen.storyboard */,
				103254AE1EFB642900716D8E /* Info.plist */,
				1032549E1EFB642900716D8E /* main.m */,
				103254FE1EFB6B7800716D8E /* SmartBPG.pch */,
			);
			name = "Supporting Files";
			sourceTree = "<group>";
		};
		103254B41EFB6A7B00716D8E /* BPViewController */ = {
			isa = PBXGroup;
			children = (
				103254B51EFB6A9900716D8E /* BPViewController.h */,
				103254B61EFB6A9900716D8E /* BPViewController.m */,
				103254BB1EFB6AC200716D8E /* BloodPressureContentView.h */,
				103254BC1EFB6AC200716D8E /* BloodPressureContentView.m */,
			);
			name = BPViewController;
			sourceTree = "<group>";
		};
		103254BE1EFB6B2700716D8E /* BleManager */ = {
			isa = PBXGroup;
			children = (
				103254BF1EFB6B2700716D8E /* BleDevice.h */,
				103254C01EFB6B2700716D8E /* BleDevice.m */,
				103254C11EFB6B2700716D8E /* BleManager.h */,
				103254C21EFB6B2700716D8E /* BleManager.m */,
				103254C31EFB6B2700716D8E /* DataModel */,
				103254E41EFB6B2700716D8E /* DataTool */,
			);
			path = BleManager;
			sourceTree = "<group>";
		};
		103254C31EFB6B2700716D8E /* DataModel */ = {
			isa = PBXGroup;
			children = (
				102D35AE1F0F8D110004E300 /* UserInfoModel.h */,
				102D35AF1F0F8D110004E300 /* UserInfoModel.m */,
				103254C41EFB6B2700716D8E /* BloodModel.h */,
				103254C51EFB6B2700716D8E /* BloodModel.m */,
				103254CC1EFB6B2700716D8E /* manridyModel.h */,
				103254CD1EFB6B2700716D8E /* manridyModel.m */,
				103254D61EFB6B2700716D8E /* SetTimeModel.h */,
				103254D71EFB6B2700716D8E /* SetTimeModel.m */,
			);
			path = DataModel;
			sourceTree = "<group>";
		};
		103254E41EFB6B2700716D8E /* DataTool */ = {
			isa = PBXGroup;
			children = (
				103254E71EFB6B2700716D8E /* NSStringTool.h */,
				103254E81EFB6B2700716D8E /* NSStringTool.m */,
			);
			path = DataTool;
			sourceTree = "<group>";
		};
		103254FF1EFB6BE100716D8E /* Constants */ = {
			isa = PBXGroup;
			children = (
				103255001EFB6BE100716D8E /* ColorConstants.h */,
				103255011EFB6BE100716D8E /* FrameConstants.h */,
				103255021EFB6BE100716D8E /* Log.h */,
				103255031EFB6BE100716D8E /* TextConstants.h */,
			);
			path = Constants;
			sourceTree = "<group>";
		};
		105238451F1DE3A800380546 /* HooDatePicker */ = {
			isa = PBXGroup;
			children = (
				105238461F1DE3A800380546 /* HooDatePicker.h */,
				105238471F1DE3A800380546 /* HooDatePicker.m */,
				105238481F1DE3A800380546 /* NSDate+HooDatePicker.h */,
				105238491F1DE3A800380546 /* NSDate+HooDatePicker.m */,
			);
			path = HooDatePicker;
			sourceTree = "<group>";
		};
		10DD3CCC1EFCFD200085AFEB /* BPHisViewController */ = {
			isa = PBXGroup;
			children = (
				10DD3CCD1EFCFD4F0085AFEB /* BPHisViewController.h */,
				10DD3CCE1EFCFD4F0085AFEB /* BPHisViewController.m */,
				10DD3CD01EFCFD700085AFEB /* BPHisContentView.h */,
				10DD3CD11EFCFD700085AFEB /* BPHisContentView.m */,
			);
			name = BPHisViewController;
			sourceTree = "<group>";
		};
		10DD3CD31EFD003A0085AFEB /* SetViewController */ = {
			isa = PBXGroup;
			children = (
				10DD3CD41EFD00670085AFEB /* SetViewController.h */,
				10DD3CD51EFD00670085AFEB /* SetViewController.m */,
				102D356A1F0F25F40004E300 /* SettingContentView */,
				102D35731F0F25F40004E300 /* SettingModel */,
			);
			name = SetViewController;
			sourceTree = "<group>";
		};
		21732E08A90A19F3E608E662 /* Pods */ = {
			isa = PBXGroup;
			children = (
				957B0062B87EB1897ECADE47 /* Pods-SmartBPG.debug.xcconfig */,
				B6FD421D79A5600D1AF45B2B /* Pods-SmartBPG.release.xcconfig */,
			);
			name = Pods;
			sourceTree = "<group>";
		};
		662EB00B7E6E9B6607997216 /* Frameworks */ = {
			isa = PBXGroup;
			children = (
				5EB2C6C7A68A433A0532ABA3 /* libPods-SmartBPG.a */,
			);
			name = Frameworks;
			sourceTree = "<group>";
		};
/* End PBXGroup section */

/* Begin PBXNativeTarget section */
		103254991EFB642900716D8E /* SmartBPG */ = {
			isa = PBXNativeTarget;
			buildConfigurationList = 103254B11EFB642900716D8E /* Build configuration list for PBXNativeTarget "SmartBPG" */;
			buildPhases = (
				B3C4D119B00A3442D33B06E5 /* [CP] Check Pods Manifest.lock */,
				103254961EFB642900716D8E /* Sources */,
				103254971EFB642900716D8E /* Frameworks */,
				103254981EFB642900716D8E /* Resources */,
				26E410207E87B0213BB74374 /* [CP] Embed Pods Frameworks */,
				9744BB5943035CBCC98E7B17 /* [CP] Copy Pods Resources */,
			);
			buildRules = (
			);
			dependencies = (
			);
			name = SmartBPG;
			productName = SmartBPG;
			productReference = 1032549A1EFB642900716D8E /* SmartBPG.app */;
			productType = "com.apple.product-type.application";
		};
/* End PBXNativeTarget section */

/* Begin PBXProject section */
		103254921EFB642900716D8E /* Project object */ = {
			isa = PBXProject;
			attributes = {
				LastUpgradeCheck = 0830;
				ORGANIZATIONNAME = manridy.com;
				TargetAttributes = {
					103254991EFB642900716D8E = {
						CreatedOnToolsVersion = 8.3.2;
						DevelopmentTeam = CZG37T4ZQ8;
						ProvisioningStyle = Automatic;
					};
				};
			};
			buildConfigurationList = 103254951EFB642900716D8E /* Build configuration list for PBXProject "SmartBPG" */;
			compatibilityVersion = "Xcode 3.2";
			developmentRegion = English;
			hasScannedForEncodings = 0;
			knownRegions = (
				en,
				Base,
			);
			mainGroup = 103254911EFB642900716D8E;
			productRefGroup = 1032549B1EFB642900716D8E /* Products */;
			projectDirPath = "";
			projectRoot = "";
			targets = (
				103254991EFB642900716D8E /* SmartBPG */,
			);
		};
/* End PBXProject section */

/* Begin PBXResourcesBuildPhase section */
		103254981EFB642900716D8E /* Resources */ = {
			isa = PBXResourcesBuildPhase;
			buildActionMask = 2147483647;
			files = (
				103254AD1EFB642900716D8E /* LaunchScreen.storyboard in Resources */,
				103254AA1EFB642900716D8E /* Assets.xcassets in Resources */,
				103254A81EFB642900716D8E /* Main.storyboard in Resources */,
			);
			runOnlyForDeploymentPostprocessing = 0;
		};
/* End PBXResourcesBuildPhase section */

/* Begin PBXShellScriptBuildPhase section */
		26E410207E87B0213BB74374 /* [CP] Embed Pods Frameworks */ = {
			isa = PBXShellScriptBuildPhase;
			buildActionMask = 2147483647;
			files = (
			);
			inputPaths = (
			);
			name = "[CP] Embed Pods Frameworks";
			outputPaths = (
			);
			runOnlyForDeploymentPostprocessing = 0;
			shellPath = /bin/sh;
			shellScript = "\"${SRCROOT}/Pods/Target Support Files/Pods-SmartBPG/Pods-SmartBPG-frameworks.sh\"\n";
			showEnvVarsInLog = 0;
		};
		9744BB5943035CBCC98E7B17 /* [CP] Copy Pods Resources */ = {
			isa = PBXShellScriptBuildPhase;
			buildActionMask = 2147483647;
			files = (
			);
			inputPaths = (
			);
			name = "[CP] Copy Pods Resources";
			outputPaths = (
			);
			runOnlyForDeploymentPostprocessing = 0;
			shellPath = /bin/sh;
			shellScript = "\"${SRCROOT}/Pods/Target Support Files/Pods-SmartBPG/Pods-SmartBPG-resources.sh\"\n";
			showEnvVarsInLog = 0;
		};
		B3C4D119B00A3442D33B06E5 /* [CP] Check Pods Manifest.lock */ = {
			isa = PBXShellScriptBuildPhase;
			buildActionMask = 2147483647;
			files = (
			);
			inputPaths = (
			);
			name = "[CP] Check Pods Manifest.lock";
			outputPaths = (
			);
			runOnlyForDeploymentPostprocessing = 0;
			shellPath = /bin/sh;
			shellScript = "diff \"${PODS_PODFILE_DIR_PATH}/Podfile.lock\" \"${PODS_ROOT}/Manifest.lock\" > /dev/null\nif [ $? != 0 ] ; then\n    # print error to STDERR\n    echo \"error: The sandbox is not in sync with the Podfile.lock. Run 'pod install' or update your CocoaPods installation.\" >&2\n    exit 1\nfi\n";
			showEnvVarsInLog = 0;
		};
/* End PBXShellScriptBuildPhase section */

/* Begin PBXSourcesBuildPhase section */
		103254961EFB642900716D8E /* Sources */ = {
			isa = PBXSourcesBuildPhase;
			buildActionMask = 2147483647;
			files = (
				103254BD1EFB6AC200716D8E /* BloodPressureContentView.m in Sources */,
				102D35781F0F25F40004E300 /* SettingHeaderView.m in Sources */,
				102D35831F0F835A0004E300 /* BindPeripheralViewController.m in Sources */,
				103254B71EFB6A9900716D8E /* BPViewController.m in Sources */,
				1052384A1F1DE3A800380546 /* HooDatePicker.m in Sources */,
				10DD3CD21EFCFD700085AFEB /* BPHisContentView.m in Sources */,
				10DD3CD61EFD00670085AFEB /* SetViewController.m in Sources */,
				102D357B1F0F25F40004E300 /* SettingTableViewCell.m in Sources */,
				102D35971F0F837F0004E300 /* UserInfoTableViewCell.m in Sources */,
				103254A21EFB642900716D8E /* AppDelegate.m in Sources */,
				102D35AD1F0F8C8D0004E300 /* AlertTool.m in Sources */,
				102D35A51F0F85E60004E300 /* VersionUpdateViewController.m in Sources */,
				103254FC1EFB6B2700716D8E /* NSStringTool.m in Sources */,
				103254F41EFB6B2700716D8E /* SetTimeModel.m in Sources */,
				10DD3CCF1EFCFD4F0085AFEB /* BPHisViewController.m in Sources */,
				102D357D1F0F25F40004E300 /* PeripheralCellModel.m in Sources */,
				102D35A91F0F8B7B0004E300 /* FMDBManager.m in Sources */,
				103254E91EFB6B2700716D8E /* BleDevice.m in Sources */,
				103254EB1EFB6B2700716D8E /* BloodModel.m in Sources */,
				103254EF1EFB6B2700716D8E /* manridyModel.m in Sources */,
				102D357E1F0F25F40004E300 /* SettingCellModel.m in Sources */,
				102D35981F0F837F0004E300 /* UserInfoViewController.m in Sources */,
				102D35961F0F837F0004E300 /* UserInfoSettingModel.m in Sources */,
				1052384B1F1DE3A800380546 /* NSDate+HooDatePicker.m in Sources */,
				102D35B01F0F8D110004E300 /* UserInfoModel.m in Sources */,
				102D35A41F0F85E60004E300 /* VersionUpdateTableViewCell.m in Sources */,
				1032549F1EFB642900716D8E /* main.m in Sources */,
				102D35A31F0F85E60004E300 /* VersionModel.m in Sources */,
				103254EA1EFB6B2700716D8E /* BleManager.m in Sources */,
			);
			runOnlyForDeploymentPostprocessing = 0;
		};
/* End PBXSourcesBuildPhase section */

/* Begin PBXVariantGroup section */
		103254A61EFB642900716D8E /* Main.storyboard */ = {
			isa = PBXVariantGroup;
			children = (
				103254A71EFB642900716D8E /* Base */,
			);
			name = Main.storyboard;
			sourceTree = "<group>";
		};
		103254AB1EFB642900716D8E /* LaunchScreen.storyboard */ = {
			isa = PBXVariantGroup;
			children = (
				103254AC1EFB642900716D8E /* Base */,
			);
			name = LaunchScreen.storyboard;
			sourceTree = "<group>";
		};
/* End PBXVariantGroup section */

/* Begin XCBuildConfiguration section */
		103254AF1EFB642900716D8E /* Debug */ = {
			isa = XCBuildConfiguration;
			buildSettings = {
				ALWAYS_SEARCH_USER_PATHS = NO;
				CLANG_ANALYZER_NONNULL = YES;
				CLANG_ANALYZER_NUMBER_OBJECT_CONVERSION = YES_AGGRESSIVE;
				CLANG_CXX_LANGUAGE_STANDARD = "gnu++0x";
				CLANG_CXX_LIBRARY = "libc++";
				CLANG_ENABLE_MODULES = YES;
				CLANG_ENABLE_OBJC_ARC = YES;
				CLANG_WARN_BOOL_CONVERSION = YES;
				CLANG_WARN_CONSTANT_CONVERSION = YES;
				CLANG_WARN_DIRECT_OBJC_ISA_USAGE = YES_ERROR;
				CLANG_WARN_DOCUMENTATION_COMMENTS = YES;
				CLANG_WARN_EMPTY_BODY = YES;
				CLANG_WARN_ENUM_CONVERSION = YES;
				CLANG_WARN_INFINITE_RECURSION = YES;
				CLANG_WARN_INT_CONVERSION = YES;
				CLANG_WARN_OBJC_ROOT_CLASS = YES_ERROR;
				CLANG_WARN_SUSPICIOUS_MOVE = YES;
				CLANG_WARN_UNREACHABLE_CODE = YES;
				CLANG_WARN__DUPLICATE_METHOD_MATCH = YES;
				"CODE_SIGN_IDENTITY[sdk=iphoneos*]" = "iPhone Developer";
				COPY_PHASE_STRIP = NO;
				DEBUG_INFORMATION_FORMAT = dwarf;
				ENABLE_STRICT_OBJC_MSGSEND = YES;
				ENABLE_TESTABILITY = YES;
				GCC_C_LANGUAGE_STANDARD = gnu99;
				GCC_DYNAMIC_NO_PIC = NO;
				GCC_NO_COMMON_BLOCKS = YES;
				GCC_OPTIMIZATION_LEVEL = 0;
				GCC_PREPROCESSOR_DEFINITIONS = (
					"DEBUG=1",
					"$(inherited)",
				);
				GCC_WARN_64_TO_32_BIT_CONVERSION = YES;
				GCC_WARN_ABOUT_RETURN_TYPE = YES_ERROR;
				GCC_WARN_UNDECLARED_SELECTOR = YES;
				GCC_WARN_UNINITIALIZED_AUTOS = YES_AGGRESSIVE;
				GCC_WARN_UNUSED_FUNCTION = YES;
				GCC_WARN_UNUSED_VARIABLE = YES;
				IPHONEOS_DEPLOYMENT_TARGET = 8.0;
				MTL_ENABLE_DEBUG_INFO = YES;
				ONLY_ACTIVE_ARCH = YES;
				SDKROOT = iphoneos;
			};
			name = Debug;
		};
		103254B01EFB642900716D8E /* Release */ = {
			isa = XCBuildConfiguration;
			buildSettings = {
				ALWAYS_SEARCH_USER_PATHS = NO;
				CLANG_ANALYZER_NONNULL = YES;
				CLANG_ANALYZER_NUMBER_OBJECT_CONVERSION = YES_AGGRESSIVE;
				CLANG_CXX_LANGUAGE_STANDARD = "gnu++0x";
				CLANG_CXX_LIBRARY = "libc++";
				CLANG_ENABLE_MODULES = YES;
				CLANG_ENABLE_OBJC_ARC = YES;
				CLANG_WARN_BOOL_CONVERSION = YES;
				CLANG_WARN_CONSTANT_CONVERSION = YES;
				CLANG_WARN_DIRECT_OBJC_ISA_USAGE = YES_ERROR;
				CLANG_WARN_DOCUMENTATION_COMMENTS = YES;
				CLANG_WARN_EMPTY_BODY = YES;
				CLANG_WARN_ENUM_CONVERSION = YES;
				CLANG_WARN_INFINITE_RECURSION = YES;
				CLANG_WARN_INT_CONVERSION = YES;
				CLANG_WARN_OBJC_ROOT_CLASS = YES_ERROR;
				CLANG_WARN_SUSPICIOUS_MOVE = YES;
				CLANG_WARN_UNREACHABLE_CODE = YES;
				CLANG_WARN__DUPLICATE_METHOD_MATCH = YES;
				"CODE_SIGN_IDENTITY[sdk=iphoneos*]" = "iPhone Developer";
				COPY_PHASE_STRIP = NO;
				DEBUG_INFORMATION_FORMAT = "dwarf-with-dsym";
				ENABLE_NS_ASSERTIONS = NO;
				ENABLE_STRICT_OBJC_MSGSEND = YES;
				GCC_C_LANGUAGE_STANDARD = gnu99;
				GCC_NO_COMMON_BLOCKS = YES;
				GCC_WARN_64_TO_32_BIT_CONVERSION = YES;
				GCC_WARN_ABOUT_RETURN_TYPE = YES_ERROR;
				GCC_WARN_UNDECLARED_SELECTOR = YES;
				GCC_WARN_UNINITIALIZED_AUTOS = YES_AGGRESSIVE;
				GCC_WARN_UNUSED_FUNCTION = YES;
				GCC_WARN_UNUSED_VARIABLE = YES;
				IPHONEOS_DEPLOYMENT_TARGET = 8.0;
				MTL_ENABLE_DEBUG_INFO = NO;
				SDKROOT = iphoneos;
				VALIDATE_PRODUCT = YES;
			};
			name = Release;
		};
		103254B21EFB642900716D8E /* Debug */ = {
			isa = XCBuildConfiguration;
			baseConfigurationReference = 957B0062B87EB1897ECADE47 /* Pods-SmartBPG.debug.xcconfig */;
			buildSettings = {
				ASSETCATALOG_COMPILER_APPICON_NAME = AppIcon;
				ASSETCATALOG_COMPILER_LAUNCHIMAGE_NAME = LaunchImage;
				DEVELOPMENT_TEAM = CZG37T4ZQ8;
				GCC_PREFIX_HEADER = SmartBPG/SmartBPG.pch;
				INFOPLIST_FILE = SmartBPG/Info.plist;
				LD_RUNPATH_SEARCH_PATHS = "$(inherited) @executable_path/Frameworks";
				PRODUCT_BUNDLE_IDENTIFIER = manridy.com.SmartBPG;
				PRODUCT_NAME = "$(TARGET_NAME)";
			};
			name = Debug;
		};
		103254B31EFB642900716D8E /* Release */ = {
			isa = XCBuildConfiguration;
			baseConfigurationReference = B6FD421D79A5600D1AF45B2B /* Pods-SmartBPG.release.xcconfig */;
			buildSettings = {
				ASSETCATALOG_COMPILER_APPICON_NAME = AppIcon;
				ASSETCATALOG_COMPILER_LAUNCHIMAGE_NAME = LaunchImage;
				DEVELOPMENT_TEAM = CZG37T4ZQ8;
				GCC_PREFIX_HEADER = SmartBPG/SmartBPG.pch;
				INFOPLIST_FILE = SmartBPG/Info.plist;
				LD_RUNPATH_SEARCH_PATHS = "$(inherited) @executable_path/Frameworks";
				PRODUCT_BUNDLE_IDENTIFIER = manridy.com.SmartBPG;
				PRODUCT_NAME = "$(TARGET_NAME)";
			};
			name = Release;
		};
/* End XCBuildConfiguration section */

/* Begin XCConfigurationList section */
		103254951EFB642900716D8E /* Build configuration list for PBXProject "SmartBPG" */ = {
			isa = XCConfigurationList;
			buildConfigurations = (
				103254AF1EFB642900716D8E /* Debug */,
				103254B01EFB642900716D8E /* Release */,
			);
			defaultConfigurationIsVisible = 0;
			defaultConfigurationName = Release;
		};
		103254B11EFB642900716D8E /* Build configuration list for PBXNativeTarget "SmartBPG" */ = {
			isa = XCConfigurationList;
			buildConfigurations = (
				103254B21EFB642900716D8E /* Debug */,
				103254B31EFB642900716D8E /* Release */,
			);
			defaultConfigurationIsVisible = 0;
			defaultConfigurationName = Release;
		};
/* End XCConfigurationList section */
	};
	rootObject = 103254921EFB642900716D8E /* Project object */;
}
